
Microsoft Visual Studio Solution File, Format Version 12.00
# Visual Studio Version 17
VisualStudioVersion = 17.7.34031.279
MinimumVisualStudioVersion = 10.0.40219.1
Project("{2150E333-8FDC-42A3-9474-1A3956D46DE8}") = "BackEnd", "BackEnd", "{D8C97B78-0410-46C9-99DE-64196DD16E1D}"
EndProject
Project("{2150E333-8FDC-42A3-9474-1A3956D46DE8}") = "FrontEnd", "FrontEnd", "{A7862001-3CA8-4E62-A93B-EA42585F31B9}"
EndProject
Project("{9A19103F-16F7-4668-BE54-9A1E7A4F7556}") = "JC.WebAngular", "FrontEnd\JC.WebAngular\JC.WebAngular.csproj", "{37BEFB37-7C30-4B81-B701-02DB45C510DD}"
EndProject
Project("{9A19103F-16F7-4668-BE54-9A1E7A4F7556}") = "JC.WebApi", "BackEnd\JC.WebApi\JC.WebApi.csproj", "{54FF8916-01E3-4644-A8D2-899C5252AA76}"
EndProject
Project("{2150E333-8FDC-42A3-9474-1A3956D46DE8}") = "Mensageria", "Mensageria", "{83F36C46-6AE3-41A3-AE1F-6DCA179F02BB}"
EndProject
Project("{2150E333-8FDC-42A3-9474-1A3956D46DE8}") = "Tests", "Tests", "{5809DB78-8469-4A58-9F52-A4674357C352}"
EndProject
Project("{FAE04EC0-301F-11D3-BF4B-00C04F79EFBC}") = "JC.Core", "BackEnd\JC.Core\JC.Core.csproj", "{C29A542B-9992-4FB0-9F7A-0400F13B6112}"
EndProject
Project("{FAE04EC0-301F-11D3-BF4B-00C04F79EFBC}") = "JC.Application", "BackEnd\JC.Application\JC.Application.csproj", "{7409C88F-566A-42BF-9EE6-5912556F07A4}"
EndProject
Project("{FAE04EC0-301F-11D3-BF4B-00C04F79EFBC}") = "JC.Infrastructure", "BackEnd\JC.Infrastructure\JC.Infrastructure.csproj", "{00B96BD7-69A2-4F03-A8A2-594DD91D56D3}"
EndProject
Project("{2150E333-8FDC-42A3-9474-1A3956D46DE8}") = "SSO", "SSO", "{C3E04365-A34B-4016-9433-593BC51E8007}"
EndProject
Project("{FAE04EC0-301F-11D3-BF4B-00C04F79EFBC}") = "JC.IdentityServer", "BackEnd\SSO\JC.IdentityServer\JC.IdentityServer.csproj", "{0F53FD0C-C79E-41BC-AC33-9D01B68550BE}"
EndProject
Project("{FAE04EC0-301F-11D3-BF4B-00C04F79EFBC}") = "JC.NotificationsApi", "BackEnd\Mensageria\JC.NotificationsApi\JC.NotificationsApi.csproj", "{BBA78E05-7DF7-4DC2-BC32-5AA9CFE43ED7}"
EndProject
Global
	GlobalSection(SolutionConfigurationPlatforms) = preSolution
		Debug|Any CPU = Debug|Any CPU
		Release|Any CPU = Release|Any CPU
	EndGlobalSection
	GlobalSection(ProjectConfigurationPlatforms) = postSolution
		{37BEFB37-7C30-4B81-B701-02DB45C510DD}.Debug|Any CPU.ActiveCfg = Debug|Any CPU
		{37BEFB37-7C30-4B81-B701-02DB45C510DD}.Debug|Any CPU.Build.0 = Debug|Any CPU
		{37BEFB37-7C30-4B81-B701-02DB45C510DD}.Release|Any CPU.ActiveCfg = Release|Any CPU
		{37BEFB37-7C30-4B81-B701-02DB45C510DD}.Release|Any CPU.Build.0 = Release|Any CPU
		{54FF8916-01E3-4644-A8D2-899C5252AA76}.Debug|Any CPU.ActiveCfg = Debug|Any CPU
		{54FF8916-01E3-4644-A8D2-899C5252AA76}.Debug|Any CPU.Build.0 = Debug|Any CPU
		{54FF8916-01E3-4644-A8D2-899C5252AA76}.Release|Any CPU.ActiveCfg = Release|Any CPU
		{54FF8916-01E3-4644-A8D2-899C5252AA76}.Release|Any CPU.Build.0 = Release|Any CPU
		{C29A542B-9992-4FB0-9F7A-0400F13B6112}.Debug|Any CPU.ActiveCfg = Debug|Any CPU
		{C29A542B-9992-4FB0-9F7A-0400F13B6112}.Debug|Any CPU.Build.0 = Debug|Any CPU
		{C29A542B-9992-4FB0-9F7A-0400F13B6112}.Release|Any CPU.ActiveCfg = Release|Any CPU
		{C29A542B-9992-4FB0-9F7A-0400F13B6112}.Release|Any CPU.Build.0 = Release|Any CPU
		{7409C88F-566A-42BF-9EE6-5912556F07A4}.Debug|Any CPU.ActiveCfg = Debug|Any CPU
		{7409C88F-566A-42BF-9EE6-5912556F07A4}.Debug|Any CPU.Build.0 = Debug|Any CPU
		{7409C88F-566A-42BF-9EE6-5912556F07A4}.Release|Any CPU.ActiveCfg = Release|Any CPU
		{7409C88F-566A-42BF-9EE6-5912556F07A4}.Release|Any CPU.Build.0 = Release|Any CPU
		{00B96BD7-69A2-4F03-A8A2-594DD91D56D3}.Debug|Any CPU.ActiveCfg = Debug|Any CPU
		{00B96BD7-69A2-4F03-A8A2-594DD91D56D3}.Debug|Any CPU.Build.0 = Debug|Any CPU
		{00B96BD7-69A2-4F03-A8A2-594DD91D56D3}.Release|Any CPU.ActiveCfg = Release|Any CPU
		{00B96BD7-69A2-4F03-A8A2-594DD91D56D3}.Release|Any CPU.Build.0 = Release|Any CPU
		{0F53FD0C-C79E-41BC-AC33-9D01B68550BE}.Debug|Any CPU.ActiveCfg = Debug|Any CPU
		{0F53FD0C-C79E-41BC-AC33-9D01B68550BE}.Debug|Any CPU.Build.0 = Debug|Any CPU
		{0F53FD0C-C79E-41BC-AC33-9D01B68550BE}.Release|Any CPU.ActiveCfg = Release|Any CPU
		{0F53FD0C-C79E-41BC-AC33-9D01B68550BE}.Release|Any CPU.Build.0 = Release|Any CPU
		{BBA78E05-7DF7-4DC2-BC32-5AA9CFE43ED7}.Debug|Any CPU.ActiveCfg = Debug|Any CPU
		{BBA78E05-7DF7-4DC2-BC32-5AA9CFE43ED7}.Debug|Any CPU.Build.0 = Debug|Any CPU
		{BBA78E05-7DF7-4DC2-BC32-5AA9CFE43ED7}.Release|Any CPU.ActiveCfg = Release|Any CPU
		{BBA78E05-7DF7-4DC2-BC32-5AA9CFE43ED7}.Release|Any CPU.Build.0 = Release|Any CPU
	EndGlobalSection
	GlobalSection(SolutionProperties) = preSolution
		HideSolutionNode = FALSE
	EndGlobalSection
	GlobalSection(NestedProjects) = preSolution
		{37BEFB37-7C30-4B81-B701-02DB45C510DD} = {A7862001-3CA8-4E62-A93B-EA42585F31B9}
		{54FF8916-01E3-4644-A8D2-899C5252AA76} = {D8C97B78-0410-46C9-99DE-64196DD16E1D}
		{83F36C46-6AE3-41A3-AE1F-6DCA179F02BB} = {D8C97B78-0410-46C9-99DE-64196DD16E1D}
		{5809DB78-8469-4A58-9F52-A4674357C352} = {D8C97B78-0410-46C9-99DE-64196DD16E1D}
		{C29A542B-9992-4FB0-9F7A-0400F13B6112} = {D8C97B78-0410-46C9-99DE-64196DD16E1D}
		{7409C88F-566A-42BF-9EE6-5912556F07A4} = {D8C97B78-0410-46C9-99DE-64196DD16E1D}
		{00B96BD7-69A2-4F03-A8A2-594DD91D56D3} = {D8C97B78-0410-46C9-99DE-64196DD16E1D}
		{C3E04365-A34B-4016-9433-593BC51E8007} = {D8C97B78-0410-46C9-99DE-64196DD16E1D}
		{0F53FD0C-C79E-41BC-AC33-9D01B68550BE} = {C3E04365-A34B-4016-9433-593BC51E8007}
		{BBA78E05-7DF7-4DC2-BC32-5AA9CFE43ED7} = {83F36C46-6AE3-41A3-AE1F-6DCA179F02BB}
	EndGlobalSection
	GlobalSection(ExtensibilityGlobals) = postSolution
		SolutionGuid = {94B75268-88D3-4495-A5B9-2EA54B589CA4}
	EndGlobalSection
EndGlobal
